Microsoft Visual Studio Solution File, Format Version 12.00
# Visual Studio Version 17
VisualStudioVersion = 17.5.2.0
MinimumVisualStudioVersion = 10.0.40219.1
Project("{FAE04EC0-301F-11D3-BF4B-00C04F79EFBC}") = "EvaluacionProyectosApi", "EvaluacionProyectosApi.csproj", "{B43D16A7-563D-DEA5-D298-C4C71EE2C029}"
EndProject
Global
	GlobalSection(SolutionConfigurationPlatforms) = preSolution
		Debug|Any CPU = Debug|Any CPU
		Release|Any CPU = Release|Any CPU
	EndGlobalSection
	GlobalSection(ProjectConfigurationPlatforms) = postSolution
		{B43D16A7-563D-DEA5-D298-C4C71EE2C029}.Debug|Any CPU.ActiveCfg = Debug|Any CPU
		{B43D16A7-563D-DEA5-D298-C4C71EE2C029}.Debug|Any CPU.Build.0 = Debug|Any CPU
		{B43D16A7-563D-DEA5-D298-C4C71EE2C029}.Release|Any CPU.ActiveCfg = Release|Any CPU
		{B43D16A7-563D-DEA5-D298-C4C71EE2C029}.Release|Any CPU.Build.0 = Release|Any CPU
	EndGlobalSection
	GlobalSection(SolutionProperties) = preSolution
		HideSolutionNode = FALSE
	EndGlobalSection
	GlobalSection(ExtensibilityGlobals) = postSolution
		SolutionGuid = {879E7203-CAFF-4A7A-930D-8DDE2B7D6DA7}
	EndGlobalSection
EndGlobal
